
Microsoft Visual Studio Solution File, Format Version 12.00
# Visual Studio 2012
Project("{FAE04EC0-301F-11D3-BF4B-00C04F79EFBC}") = "FourthCoffee.MethodTestHarness", "FourthCoffee.MethodTestHarness\FourthCoffee.MethodTestHarness.csproj", "{73B477C8-F456-4AE9-B9D8-1F14E3EBF848}"
EndProject
Global
	GlobalSection(SolutionConfigurationPlatforms) = preSolution
		Debug|Any CPU = Debug|Any CPU
		Release|Any CPU = Release|Any CPU
	EndGlobalSection
	GlobalSection(ProjectConfigurationPlatforms) = postSolution
		{73B477C8-F456-4AE9-B9D8-1F14E3EBF848}.Debug|Any CPU.ActiveCfg = Debug|Any CPU
		{73B477C8-F456-4AE9-B9D8-1F14E3EBF848}.Debug|Any CPU.Build.0 = Debug|Any CPU
		{73B477C8-F456-4AE9-B9D8-1F14E3EBF848}.Release|Any CPU.ActiveCfg = Release|Any CPU
		{73B477C8-F456-4AE9-B9D8-1F14E3EBF848}.Release|Any CPU.Build.0 = Release|Any CPU
	EndGlobalSection
	GlobalSection(SolutionProperties) = preSolution
		HideSolutionNode = FALSE
	EndGlobalSection
EndGlobal
