
Microsoft Visual Studio Solution File, Format Version 12.00
# Visual Studio 2012
Project("{FAE04EC0-301F-11D3-BF4B-00C04F79EFBC}") = "FourthCoffee.TypeInspector", "FourthCoffee.TypeInspector\FourthCoffee.TypeInspector.csproj", "{F35098EB-AC8C-4376-B97A-CA81F5356E10}"
EndProject
Project("{FAE04EC0-301F-11D3-BF4B-00C04F79EFBC}") = "FourthCoffee.Core", "FourthCoffee.Core\FourthCoffee.Core.csproj", "{0CCC12F2-FD9A-4089-8504-EF0CAA173E7B}"
EndProject
Global
	GlobalSection(SolutionConfigurationPlatforms) = preSolution
		Debug|Any CPU = Debug|Any CPU
		Release|Any CPU = Release|Any CPU
	EndGlobalSection
	GlobalSection(ProjectConfigurationPlatforms) = postSolution
		{0CCC12F2-FD9A-4089-8504-EF0CAA173E7B}.Debug|Any CPU.ActiveCfg = Debug|Any CPU
		{0CCC12F2-FD9A-4089-8504-EF0CAA173E7B}.Debug|Any CPU.Build.0 = Debug|Any CPU
		{0CCC12F2-FD9A-4089-8504-EF0CAA173E7B}.Release|Any CPU.ActiveCfg = Release|Any CPU
		{0CCC12F2-FD9A-4089-8504-EF0CAA173E7B}.Release|Any CPU.Build.0 = Release|Any CPU
		{F35098EB-AC8C-4376-B97A-CA81F5356E10}.Debug|Any CPU.ActiveCfg = Debug|Any CPU
		{F35098EB-AC8C-4376-B97A-CA81F5356E10}.Debug|Any CPU.Build.0 = Debug|Any CPU
		{F35098EB-AC8C-4376-B97A-CA81F5356E10}.Release|Any CPU.ActiveCfg = Release|Any CPU
		{F35098EB-AC8C-4376-B97A-CA81F5356E10}.Release|Any CPU.Build.0 = Release|Any CPU
	EndGlobalSection
	GlobalSection(SolutionProperties) = preSolution
		HideSolutionNode = FALSE
	EndGlobalSection
EndGlobal
